
Microsoft Visual Studio Solution File, Format Version 12.00
# Visual Studio Version 17
VisualStudioVersion = 17.11.35222.181
MinimumVisualStudioVersion = 10.0.40219.1
Project("{9A19103F-16F7-4668-BE54-9A1E7A4F7556}") = "De_Friet_Tent", "De Friet Tent\De_Friet_Tent.csproj", "{F6915EB1-8F84-4C7D-9922-47597D4090D3}"
EndProject
Project("{FAE04EC0-301F-11D3-BF4B-00C04F79EFBC}") = "FrietAPI", "FrietAPI\FrietAPI.csproj", "{CFE4E148-3640-4345-8395-4D4E6F65FCEA}"
EndProject
Global
	GlobalSection(SolutionConfigurationPlatforms) = preSolution
		Debug|Any CPU = Debug|Any CPU
		Release|Any CPU = Release|Any CPU
	EndGlobalSection
	GlobalSection(ProjectConfigurationPlatforms) = postSolution
		{F6915EB1-8F84-4C7D-9922-47597D4090D3}.Debug|Any CPU.ActiveCfg = Debug|Any CPU
		{F6915EB1-8F84-4C7D-9922-47597D4090D3}.Debug|Any CPU.Build.0 = Debug|Any CPU
		{F6915EB1-8F84-4C7D-9922-47597D4090D3}.Release|Any CPU.ActiveCfg = Release|Any CPU
		{F6915EB1-8F84-4C7D-9922-47597D4090D3}.Release|Any CPU.Build.0 = Release|Any CPU
		{CFE4E148-3640-4345-8395-4D4E6F65FCEA}.Debug|Any CPU.ActiveCfg = Debug|Any CPU
		{CFE4E148-3640-4345-8395-4D4E6F65FCEA}.Debug|Any CPU.Build.0 = Debug|Any CPU
		{CFE4E148-3640-4345-8395-4D4E6F65FCEA}.Release|Any CPU.ActiveCfg = Release|Any CPU
		{CFE4E148-3640-4345-8395-4D4E6F65FCEA}.Release|Any CPU.Build.0 = Release|Any CPU
	EndGlobalSection
	GlobalSection(SolutionProperties) = preSolution
		HideSolutionNode = FALSE
	EndGlobalSection
	GlobalSection(ExtensibilityGlobals) = postSolution
		SolutionGuid = {2C5CE64E-93F3-4CA4-9E82-0ABAF7D5B745}
	EndGlobalSection
EndGlobal
